# This file is generated by running "yarn install" inside your project.
# Manual changes might be lost - proceed with caution!

__metadata:
  version: 8
  cacheKey: 10c0

"type-challenge@workspace:.":
  version: 0.0.0-use.local
  resolution: "type-challenge@workspace:."
  dependencies:
    typescript: "npm:^5.4.4"
  languageName: unknown
  linkType: soft

"typescript@npm:^5.4.4":
  version: 5.4.4
  resolution: "typescript@npm:5.4.4"
  bin:
    tsc: bin/tsc
    tsserver: bin/tsserver
  checksum: 10c0/4d8de0291204ed61ca97ad0cba2ce064e09c4988ca1c451c787e4653ba76296ba35177a52694e8a00cf4ef899d0ee83338663b926d8b7d55167ff0ba81549999
  languageName: node
  linkType: hard

"typescript@patch:typescript@npm%3A^5.4.4#optional!builtin<compat/typescript>":
  version: 5.4.4
  resolution: "typescript@patch:typescript@npm%3A5.4.4#optional!builtin<compat/typescript>::version=5.4.4&hash=5adc0c"
  bin:
    tsc: bin/tsc
    tsserver: bin/tsserver
  checksum: 10c0/1fa41b9964a9ff0ed913b339c90b46031b2d2da3cb1a192af516610733f7f1d5f7f9754a8e22b9ac7076d3d8aedd2c4f84db3f113bad060eac3a95962443a1bf
  languageName: node
  linkType: hard
